
Microsoft Visual Studio Solution File, Format Version 12.00
# Visual Studio 14
VisualStudioVersion = 14.0.25420.1
MinimumVisualStudioVersion = 10.0.40219.1
Project("{FAE04EC0-301F-11D3-BF4B-00C04F79EFBC}") = "AOUT.CH3.LogAnEvent", "AOUT.CH3.LogAnEvent\AOUT.CH3.LogAnEvent.csproj", "{7EA5A86A-B088-4218-BDA4-DA676BF64CA4}"
EndProject
Project("{FAE04EC0-301F-11D3-BF4B-00C04F79EFBC}") = "AOUT.CH3.LogAnEvent.UnitTests", "AOUT.CH3.LogAnEvent.UnitTests\AOUT.CH3.LogAnEvent.UnitTests.csproj", "{251E77A1-8515-4C00-A52C-5CAF6169E4F2}"
EndProject
Global
	GlobalSection(SolutionConfigurationPlatforms) = preSolution
		Debug|Any CPU = Debug|Any CPU
		Release|Any CPU = Release|Any CPU
	EndGlobalSection
	GlobalSection(ProjectConfigurationPlatforms) = postSolution
		{7EA5A86A-B088-4218-BDA4-DA676BF64CA4}.Debug|Any CPU.ActiveCfg = Debug|Any CPU
		{7EA5A86A-B088-4218-BDA4-DA676BF64CA4}.Debug|Any CPU.Build.0 = Debug|Any CPU
		{7EA5A86A-B088-4218-BDA4-DA676BF64CA4}.Release|Any CPU.ActiveCfg = Release|Any CPU
		{7EA5A86A-B088-4218-BDA4-DA676BF64CA4}.Release|Any CPU.Build.0 = Release|Any CPU
		{251E77A1-8515-4C00-A52C-5CAF6169E4F2}.Debug|Any CPU.ActiveCfg = Debug|Any CPU
		{251E77A1-8515-4C00-A52C-5CAF6169E4F2}.Debug|Any CPU.Build.0 = Debug|Any CPU
		{251E77A1-8515-4C00-A52C-5CAF6169E4F2}.Release|Any CPU.ActiveCfg = Release|Any CPU
		{251E77A1-8515-4C00-A52C-5CAF6169E4F2}.Release|Any CPU.Build.0 = Release|Any CPU
	EndGlobalSection
	GlobalSection(SolutionProperties) = preSolution
		HideSolutionNode = FALSE
	EndGlobalSection
EndGlobal
